// !$*UTF8*$!
{
	archiveVersion = 1;
	classes = {
	};
	objectVersion = 46;
	objects = {

/* Begin PBXBuildFile section */
		2830743F1CCEC57400E69D29 /* Fabric.framework in Frameworks */ = {isa = PBXBuildFile; fileRef = 2830743B1CCEC57400E69D29 /* Fabric.framework */; };
		283074401CCEC57400E69D29 /* TwitterKit.framework in Frameworks */ = {isa = PBXBuildFile; fileRef = 2830743C1CCEC57400E69D29 /* TwitterKit.framework */; };
		283074411CCEC57400E69D29 /* TwitterKitResources.bundle in Resources */ = {isa = PBXBuildFile; fileRef = 2830743D1CCEC57400E69D29 /* TwitterKitResources.bundle */; };
		283074421CCEC57400E69D29 /* TwitterCore.framework in Frameworks */ = {isa = PBXBuildFile; fileRef = 2830743E1CCEC57400E69D29 /* TwitterCore.framework */; };
		283074461CCEC6B600E69D29 /* LoginViewController.swift in Sources */ = {isa = PBXBuildFile; fileRef = 283074451CCEC6B600E69D29 /* LoginViewController.swift */; };
		283903B01CE266EB00130F27 /* NewThreadViewController.swift in Sources */ = {isa = PBXBuildFile; fileRef = 283903AF1CE266EB00130F27 /* NewThreadViewController.swift */; };
		289F962B1CD7C4D300362BDF /* MyThreadsViewController.swift in Sources */ = {isa = PBXBuildFile; fileRef = 289F962A1CD7C4D300362BDF /* MyThreadsViewController.swift */; };
		28F468EC1CBBFB9300B1E853 /* AppDelegate.swift in Sources */ = {isa = PBXBuildFile; fileRef = 28F468EB1CBBFB9300B1E853 /* AppDelegate.swift */; };
		28F468F31CBBFB9300B1E853 /* Main.storyboard in Resources */ = {isa = PBXBuildFile; fileRef = 28F468F11CBBFB9300B1E853 /* Main.storyboard */; };
		28F468F51CBBFB9300B1E853 /* Assets.xcassets in Resources */ = {isa = PBXBuildFile; fileRef = 28F468F41CBBFB9300B1E853 /* Assets.xcassets */; };
		28F468F81CBBFB9300B1E853 /* LaunchScreen.storyboard in Resources */ = {isa = PBXBuildFile; fileRef = 28F468F61CBBFB9300B1E853 /* LaunchScreen.storyboard */; };
/* End PBXBuildFile section */

/* Begin PBXFileReference section */
		2830743B1CCEC57400E69D29 /* Fabric.framework */ = {isa = PBXFileReference; lastKnownFileType = wrapper.framework; path = Fabric.framework; sourceTree = "<group>"; };
		2830743C1CCEC57400E69D29 /* TwitterKit.framework */ = {isa = PBXFileReference; lastKnownFileType = wrapper.framework; path = TwitterKit.framework; sourceTree = "<group>"; };
		2830743D1CCEC57400E69D29 /* TwitterKitResources.bundle */ = {isa = PBXFileReference; lastKnownFileType = "wrapper.plug-in"; name = TwitterKitResources.bundle; path = TwitterKit.framework/Versions/A/Resources/TwitterKitResources.bundle; sourceTree = "<group>"; };
		2830743E1CCEC57400E69D29 /* TwitterCore.framework */ = {isa = PBXFileReference; lastKnownFileType = wrapper.framework; path = TwitterCore.framework; sourceTree = "<group>"; };
		283074451CCEC6B600E69D29 /* LoginViewController.swift */ = {isa = PBXFileReference; fileEncoding = 4; lastKnownFileType = sourcecode.swift; path = LoginViewController.swift; sourceTree = "<group>"; };
		283903AF1CE266EB00130F27 /* NewThreadViewController.swift */ = {isa = PBXFileReference; fileEncoding = 4; lastKnownFileType = sourcecode.swift; path = NewThreadViewController.swift; sourceTree = "<group>"; };
		289F962A1CD7C4D300362BDF /* MyThreadsViewController.swift */ = {isa = PBXFileReference; fileEncoding = 4; lastKnownFileType = sourcecode.swift; path = MyThreadsViewController.swift; sourceTree = "<group>"; };
		28F468E81CBBFB9300B1E853 /* around.app */ = {isa = PBXFileReference; explicitFileType = wrapper.application; includeInIndex = 0; path = around.app; sourceTree = BUILT_PRODUCTS_DIR; };
		28F468EB1CBBFB9300B1E853 /* AppDelegate.swift */ = {isa = PBXFileReference; lastKnownFileType = sourcecode.swift; path = AppDelegate.swift; sourceTree = "<group>"; };
		28F468F21CBBFB9300B1E853 /* Base */ = {isa = PBXFileReference; lastKnownFileType = file.storyboard; name = Base; path = Base.lproj/Main.storyboard; sourceTree = "<group>"; };
		28F468F41CBBFB9300B1E853 /* Assets.xcassets */ = {isa = PBXFileReference; lastKnownFileType = folder.assetcatalog; path = Assets.xcassets; sourceTree = "<group>"; };
		28F468F71CBBFB9300B1E853 /* Base */ = {isa = PBXFileReference; lastKnownFileType = file.storyboard; name = Base; path = Base.lproj/LaunchScreen.storyboard; sourceTree = "<group>"; };
		28F468F91CBBFB9300B1E853 /* Info.plist */ = {isa = PBXFileReference; lastKnownFileType = text.plist.xml; path = Info.plist; sourceTree = "<group>"; };
/* End PBXFileReference section */

/* Begin PBXFrameworksBuildPhase section */
		28F468E51CBBFB9300B1E853 /* Frameworks */ = {
			isa = PBXFrameworksBuildPhase;
			buildActionMask = 2147483647;
			files = (
				2830743F1CCEC57400E69D29 /* Fabric.framework in Frameworks */,
				283074421CCEC57400E69D29 /* TwitterCore.framework in Frameworks */,
				283074401CCEC57400E69D29 /* TwitterKit.framework in Frameworks */,
			);
			runOnlyForDeploymentPostprocessing = 0;
		};
/* End PBXFrameworksBuildPhase section */

/* Begin PBXGroup section */
		283074431CCEC64100E69D29 /* ViewController */ = {
			isa = PBXGroup;
			children = (
				283903AE1CE266CF00130F27 /* NewThread */,
				289F96291CD7C49900362BDF /* Search */,
				289F96281CD7C47400362BDF /* MyThreads */,
				283074441CCEC65500E69D29 /* Login */,
			);
			name = ViewController;
			sourceTree = "<group>";
		};
		283074441CCEC65500E69D29 /* Login */ = {
			isa = PBXGroup;
			children = (
				283074451CCEC6B600E69D29 /* LoginViewController.swift */,
			);
			name = Login;
			sourceTree = "<group>";
		};
		283903AE1CE266CF00130F27 /* NewThread */ = {
			isa = PBXGroup;
			children = (
				283903AF1CE266EB00130F27 /* NewThreadViewController.swift */,
			);
			name = NewThread;
			sourceTree = "<group>";
		};
		289F96281CD7C47400362BDF /* MyThreads */ = {
			isa = PBXGroup;
			children = (
				289F962A1CD7C4D300362BDF /* MyThreadsViewController.swift */,
			);
			name = MyThreads;
			sourceTree = "<group>";
		};
		289F96291CD7C49900362BDF /* Search */ = {
			isa = PBXGroup;
			children = (
			);
			name = Search;
			sourceTree = "<group>";
		};
		28F468DF1CBBFB9300B1E853 = {
			isa = PBXGroup;
			children = (
				2830743B1CCEC57400E69D29 /* Fabric.framework */,
				2830743C1CCEC57400E69D29 /* TwitterKit.framework */,
				2830743D1CCEC57400E69D29 /* TwitterKitResources.bundle */,
				2830743E1CCEC57400E69D29 /* TwitterCore.framework */,
				28F468EA1CBBFB9300B1E853 /* around */,
				28F468E91CBBFB9300B1E853 /* Products */,
			);
			sourceTree = "<group>";
		};
		28F468E91CBBFB9300B1E853 /* Products */ = {
			isa = PBXGroup;
			children = (
				28F468E81CBBFB9300B1E853 /* around.app */,
			);
			name = Products;
			sourceTree = "<group>";
		};
		28F468EA1CBBFB9300B1E853 /* around */ = {
			isa = PBXGroup;
			children = (
				283074431CCEC64100E69D29 /* ViewController */,
				28F468EB1CBBFB9300B1E853 /* AppDelegate.swift */,
				28F468F11CBBFB9300B1E853 /* Main.storyboard */,
				28F468F41CBBFB9300B1E853 /* Assets.xcassets */,
				28F468F61CBBFB9300B1E853 /* LaunchScreen.storyboard */,
				28F468F91CBBFB9300B1E853 /* Info.plist */,
			);
			path = around;
			sourceTree = "<group>";
		};
/* End PBXGroup section */

/* Begin PBXNativeTarget section */
		28F468E71CBBFB9300B1E853 /* around */ = {
			isa = PBXNativeTarget;
			buildConfigurationList = 28F468FC1CBBFB9300B1E853 /* Build configuration list for PBXNativeTarget "around" */;
			buildPhases = (
				28F468E41CBBFB9300B1E853 /* Sources */,
				28F468E51CBBFB9300B1E853 /* Frameworks */,
				28F468E61CBBFB9300B1E853 /* Resources */,
				2830743A1CCEC52100E69D29 /* ShellScript */,
			);
			buildRules = (
			);
			dependencies = (
			);
			name = around;
			productName = around;
			productReference = 28F468E81CBBFB9300B1E853 /* around.app */;
			productType = "com.apple.product-type.application";
		};
/* End PBXNativeTarget section */

/* Begin PBXProject section */
		28F468E01CBBFB9300B1E853 /* Project object */ = {
			isa = PBXProject;
			attributes = {
				LastSwiftUpdateCheck = 0720;
				LastUpgradeCheck = 0720;
				ORGANIZATIONNAME = Beuth;
				TargetAttributes = {
					28F468E71CBBFB9300B1E853 = {
						CreatedOnToolsVersion = 7.2.1;
						DevelopmentTeam = HW9C536X3S;
					};
				};
			};
			buildConfigurationList = 28F468E31CBBFB9300B1E853 /* Build configuration list for PBXProject "around" */;
			compatibilityVersion = "Xcode 3.2";
			developmentRegion = English;
			hasScannedForEncodings = 0;
			knownRegions = (
				en,
				Base,
			);
			mainGroup = 28F468DF1CBBFB9300B1E853;
			productRefGroup = 28F468E91CBBFB9300B1E853 /* Products */;
			projectDirPath = "";
			projectRoot = "";
			targets = (
				28F468E71CBBFB9300B1E853 /* around */,
			);
		};
/* End PBXProject section */

/* Begin PBXResourcesBuildPhase section */
		28F468E61CBBFB9300B1E853 /* Resources */ = {
			isa = PBXResourcesBuildPhase;
			buildActionMask = 2147483647;
			files = (
				283074411CCEC57400E69D29 /* TwitterKitResources.bundle in Resources */,
				28F468F81CBBFB9300B1E853 /* LaunchScreen.storyboard in Resources */,
				28F468F51CBBFB9300B1E853 /* Assets.xcassets in Resources */,
				28F468F31CBBFB9300B1E853 /* Main.storyboard in Resources */,
			);
			runOnlyForDeploymentPostprocessing = 0;
		};
/* End PBXResourcesBuildPhase section */

/* Begin PBXShellScriptBuildPhase section */
		2830743A1CCEC52100E69D29 /* ShellScript */ = {
			isa = PBXShellScriptBuildPhase;
			buildActionMask = 2147483647;
			files = (
			);
			inputPaths = (
			);
			outputPaths = (
			);
			runOnlyForDeploymentPostprocessing = 0;
			shellPath = /bin/sh;
			shellScript = "./Fabric.framework/run f27aa22a556524fceba3f0171806d0369d136600 8346270bb0529ae08173b56f5374918915613b065a6b3ca6bcb1de16e7a602fc";
		};
/* End PBXShellScriptBuildPhase section */

/* Begin PBXSourcesBuildPhase section */
		28F468E41CBBFB9300B1E853 /* Sources */ = {
			isa = PBXSourcesBuildPhase;
			buildActionMask = 2147483647;
			files = (
				283074461CCEC6B600E69D29 /* LoginViewController.swift in Sources */,
				283903B01CE266EB00130F27 /* NewThreadViewController.swift in Sources */,
				28F468EC1CBBFB9300B1E853 /* AppDelegate.swift in Sources */,
				289F962B1CD7C4D300362BDF /* MyThreadsViewController.swift in Sources */,
			);
			runOnlyForDeploymentPostprocessing = 0;
		};
/* End PBXSourcesBuildPhase section */

/* Begin PBXVariantGroup section */
		28F468F11CBBFB9300B1E853 /* Main.storyboard */ = {
			isa = PBXVariantGroup;
			children = (
				28F468F21CBBFB9300B1E853 /* Base */,
			);
			name = Main.storyboard;
			sourceTree = "<group>";
		};
		28F468F61CBBFB9300B1E853 /* LaunchScreen.storyboard */ = {
			isa = PBXVariantGroup;
			children = (
				28F468F71CBBFB9300B1E853 /* Base */,
			);
			name = LaunchScreen.storyboard;
			sourceTree = "<group>";
		};
/* End PBXVariantGroup section */

/* Begin XCBuildConfiguration section */
		28F468FA1CBBFB9300B1E853 /* Debug */ = {
			isa = XCBuildConfiguration;
			buildSettings = {
				ALWAYS_SEARCH_USER_PATHS = NO;
				CLANG_CXX_LANGUAGE_STANDARD = "gnu++0x";
				CLANG_CXX_LIBRARY = "libc++";
				CLANG_ENABLE_MODULES = YES;
				CLANG_ENABLE_OBJC_ARC = YES;
				CLANG_WARN_BOOL_CONVERSION = YES;
				CLANG_WARN_CONSTANT_CONVERSION = YES;
				CLANG_WARN_DIRECT_OBJC_ISA_USAGE = YES_ERROR;
				CLANG_WARN_EMPTY_BODY = YES;
				CLANG_WARN_ENUM_CONVERSION = YES;
				CLANG_WARN_INT_CONVERSION = YES;
				CLANG_WARN_OBJC_ROOT_CLASS = YES_ERROR;
				CLANG_WARN_UNREACHABLE_CODE = YES;
				CLANG_WARN__DUPLICATE_METHOD_MATCH = YES;
				"CODE_SIGN_IDENTITY[sdk=iphoneos*]" = "iPhone Developer";
				COPY_PHASE_STRIP = NO;
				DEBUG_INFORMATION_FORMAT = dwarf;
				ENABLE_STRICT_OBJC_MSGSEND = YES;
				ENABLE_TESTABILITY = YES;
				GCC_C_LANGUAGE_STANDARD = gnu99;
				GCC_DYNAMIC_NO_PIC = NO;
				GCC_NO_COMMON_BLOCKS = YES;
				GCC_OPTIMIZATION_LEVEL = 0;
				GCC_PREPROCESSOR_DEFINITIONS = (
					"DEBUG=1",
					"$(inherited)",
				);
				GCC_WARN_64_TO_32_BIT_CONVERSION = YES;
				GCC_WARN_ABOUT_RETURN_TYPE = YES_ERROR;
				GCC_WARN_UNDECLARED_SELECTOR = YES;
				GCC_WARN_UNINITIALIZED_AUTOS = YES_AGGRESSIVE;
				GCC_WARN_UNUSED_FUNCTION = YES;
				GCC_WARN_UNUSED_VARIABLE = YES;
				IPHONEOS_DEPLOYMENT_TARGET = 9.2;
				MTL_ENABLE_DEBUG_INFO = YES;
				ONLY_ACTIVE_ARCH = YES;
				SDKROOT = iphoneos;
				SWIFT_OPTIMIZATION_LEVEL = "-Onone";
			};
			name = Debug;
		};
		28F468FB1CBBFB9300B1E853 /* Release */ = {
			isa = XCBuildConfiguration;
			buildSettings = {
				ALWAYS_SEARCH_USER_PATHS = NO;
				CLANG_CXX_LANGUAGE_STANDARD = "gnu++0x";
				CLANG_CXX_LIBRARY = "libc++";
				CLANG_ENABLE_MODULES = YES;
				CLANG_ENABLE_OBJC_ARC = YES;
				CLANG_WARN_BOOL_CONVERSION = YES;
				CLANG_WARN_CONSTANT_CONVERSION = YES;
				CLANG_WARN_DIRECT_OBJC_ISA_USAGE = YES_ERROR;
				CLANG_WARN_EMPTY_BODY = YES;
				CLANG_WARN_ENUM_CONVERSION = YES;
				CLANG_WARN_INT_CONVERSION = YES;
				CLANG_WARN_OBJC_ROOT_CLASS = YES_ERROR;
				CLANG_WARN_UNREACHABLE_CODE = YES;
				CLANG_WARN__DUPLICATE_METHOD_MATCH = YES;
				"CODE_SIGN_IDENTITY[sdk=iphoneos*]" = "iPhone Developer";
				COPY_PHASE_STRIP = NO;
				DEBUG_INFORMATION_FORMAT = "dwarf-with-dsym";
				ENABLE_NS_ASSERTIONS = NO;
				ENABLE_STRICT_OBJC_MSGSEND = YES;
				GCC_C_LANGUAGE_STANDARD = gnu99;
				GCC_NO_COMMON_BLOCKS = YES;
				GCC_WARN_64_TO_32_BIT_CONVERSION = YES;
				GCC_WARN_ABOUT_RETURN_TYPE = YES_ERROR;
				GCC_WARN_UNDECLARED_SELECTOR = YES;
				GCC_WARN_UNINITIALIZED_AUTOS = YES_AGGRESSIVE;
				GCC_WARN_UNUSED_FUNCTION = YES;
				GCC_WARN_UNUSED_VARIABLE = YES;
				IPHONEOS_DEPLOYMENT_TARGET = 9.2;
				MTL_ENABLE_DEBUG_INFO = NO;
				SDKROOT = iphoneos;
				VALIDATE_PRODUCT = YES;
			};
			name = Release;
		};
		28F468FD1CBBFB9300B1E853 /* Debug */ = {
			isa = XCBuildConfiguration;
			buildSettings = {
				ASSETCATALOG_COMPILER_APPICON_NAME = AppIcon;
				CODE_SIGN_IDENTITY = "iPhone Developer";
				FRAMEWORK_SEARCH_PATHS = (
					"$(inherited)",
					"$(PROJECT_DIR)",
				);
				INFOPLIST_FILE = around/Info.plist;
				LD_RUNPATH_SEARCH_PATHS = "$(inherited) @executable_path/Frameworks";
				PRODUCT_BUNDLE_IDENTIFIER = de.bht.ema.around;
				PRODUCT_NAME = "$(TARGET_NAME)";
			};
			name = Debug;
		};
		28F468FE1CBBFB9300B1E853 /* Release */ = {
			isa = XCBuildConfiguration;
			buildSettings = {
				ASSETCATALOG_COMPILER_APPICON_NAME = AppIcon;
				CODE_SIGN_IDENTITY = "iPhone Developer";
				FRAMEWORK_SEARCH_PATHS = (
					"$(inherited)",
					"$(PROJECT_DIR)",
				);
				INFOPLIST_FILE = around/Info.plist;
				LD_RUNPATH_SEARCH_PATHS = "$(inherited) @executable_path/Frameworks";
				PRODUCT_BUNDLE_IDENTIFIER = de.bht.ema.around;
				PRODUCT_NAME = "$(TARGET_NAME)";
			};
			name = Release;
		};
/* End XCBuildConfiguration section */

/* Begin XCConfigurationList section */
		28F468E31CBBFB9300B1E853 /* Build configuration list for PBXProject "around" */ = {
			isa = XCConfigurationList;
			buildConfigurations = (
				28F468FA1CBBFB9300B1E853 /* Debug */,
				28F468FB1CBBFB9300B1E853 /* Release */,
			);
			defaultConfigurationIsVisible = 0;
			defaultConfigurationName = Release;
		};
		28F468FC1CBBFB9300B1E853 /* Build configuration list for PBXNativeTarget "around" */ = {
			isa = XCConfigurationList;
			buildConfigurations = (
				28F468FD1CBBFB9300B1E853 /* Debug */,
				28F468FE1CBBFB9300B1E853 /* Release */,
			);
			defaultConfigurationIsVisible = 0;
			defaultConfigurationName = Release;
		};
/* End XCConfigurationList section */
	};
	rootObject = 28F468E01CBBFB9300B1E853 /* Project object */;
}
